
Microsoft Visual Studio Solution File, Format Version 12.00
# Visual Studio 2012
Project("{E24C65DC-7377-472B-9ABA-BC803B73C61A}") = "ASSIGNMENTGD2_NHOM4_CLOUDCOMPUTING", "http://localhost:47239", "{6C8B8020-3608-436F-AA33-DD75D6A98D9E}"
	ProjectSection(WebsiteProperties) = preProject
		UseIISExpress = "true"
		TargetFrameworkMoniker = ".NETFramework,Version%3Dv4.5"
		Debug.AspNetCompiler.VirtualPath = "/localhost_47239"
		Debug.AspNetCompiler.PhysicalPath = "..\..\WebSites\ASSIGNMENTGD2_NHOM4_CLOUDCOMPUTING\"
		Debug.AspNetCompiler.TargetPath = "PrecompiledWeb\localhost_47239\"
		Debug.AspNetCompiler.Updateable = "true"
		Debug.AspNetCompiler.ForceOverwrite = "true"
		Debug.AspNetCompiler.FixedNames = "false"
		Debug.AspNetCompiler.Debug = "True"
		Release.AspNetCompiler.VirtualPath = "/localhost_47239"
		Release.AspNetCompiler.PhysicalPath = "..\..\WebSites\ASSIGNMENTGD2_NHOM4_CLOUDCOMPUTING\"
		Release.AspNetCompiler.TargetPath = "PrecompiledWeb\localhost_47239\"
		Release.AspNetCompiler.Updateable = "true"
		Release.AspNetCompiler.ForceOverwrite = "true"
		Release.AspNetCompiler.FixedNames = "false"
		Release.AspNetCompiler.Debug = "False"
		SlnRelativePath = "..\..\WebSites\ASSIGNMENTGD2_NHOM4_CLOUDCOMPUTING\"
		DefaultWebSiteLanguage = "Visual C#"
	EndProjectSection
EndProject
Global
	GlobalSection(SolutionConfigurationPlatforms) = preSolution
		Debug|Any CPU = Debug|Any CPU
	EndGlobalSection
	GlobalSection(ProjectConfigurationPlatforms) = postSolution
		{6C8B8020-3608-436F-AA33-DD75D6A98D9E}.Debug|Any CPU.ActiveCfg = Debug|Any CPU
		{6C8B8020-3608-436F-AA33-DD75D6A98D9E}.Debug|Any CPU.Build.0 = Debug|Any CPU
	EndGlobalSection
	GlobalSection(SolutionProperties) = preSolution
		HideSolutionNode = FALSE
	EndGlobalSection
EndGlobal
